
Microsoft Visual Studio Solution File, Format Version 12.00
# Visual Studio Version 17
VisualStudioVersion = 17.0.32112.339
MinimumVisualStudioVersion = 10.0.40219.1
Project("{9A19103F-16F7-4668-BE54-9A1E7A4F7556}") = "CardTrader", "CardTrader\CardTrader.csproj", "{0A2D7879-A6F5-4752-803E-67019FB092C0}"
EndProject
Project("{FAE04EC0-301F-11D3-BF4B-00C04F79EFBC}") = "CardTrader.Core", "CardTrader.Core\CardTrader.Core.csproj", "{3EE2B43B-9489-46F4-BF2F-3265A7E518D7}"
EndProject
Project("{FAE04EC0-301F-11D3-BF4B-00C04F79EFBC}") = "CardTrader.Infrastructure", "CardTrader.Infrastructure\CardTrader.Infrastructure.csproj", "{F8A6DA91-5EBA-4BD1-88B7-FFDC46FFB781}"
EndProject
Global
	GlobalSection(SolutionConfigurationPlatforms) = preSolution
		Debug|Any CPU = Debug|Any CPU
		Release|Any CPU = Release|Any CPU
	EndGlobalSection
	GlobalSection(ProjectConfigurationPlatforms) = postSolution
		{0A2D7879-A6F5-4752-803E-67019FB092C0}.Debug|Any CPU.ActiveCfg = Debug|Any CPU
		{0A2D7879-A6F5-4752-803E-67019FB092C0}.Debug|Any CPU.Build.0 = Debug|Any CPU
		{0A2D7879-A6F5-4752-803E-67019FB092C0}.Release|Any CPU.ActiveCfg = Release|Any CPU
		{0A2D7879-A6F5-4752-803E-67019FB092C0}.Release|Any CPU.Build.0 = Release|Any CPU
		{3EE2B43B-9489-46F4-BF2F-3265A7E518D7}.Debug|Any CPU.ActiveCfg = Debug|Any CPU
		{3EE2B43B-9489-46F4-BF2F-3265A7E518D7}.Debug|Any CPU.Build.0 = Debug|Any CPU
		{3EE2B43B-9489-46F4-BF2F-3265A7E518D7}.Release|Any CPU.ActiveCfg = Release|Any CPU
		{3EE2B43B-9489-46F4-BF2F-3265A7E518D7}.Release|Any CPU.Build.0 = Release|Any CPU
		{F8A6DA91-5EBA-4BD1-88B7-FFDC46FFB781}.Debug|Any CPU.ActiveCfg = Debug|Any CPU
		{F8A6DA91-5EBA-4BD1-88B7-FFDC46FFB781}.Debug|Any CPU.Build.0 = Debug|Any CPU
		{F8A6DA91-5EBA-4BD1-88B7-FFDC46FFB781}.Release|Any CPU.ActiveCfg = Release|Any CPU
		{F8A6DA91-5EBA-4BD1-88B7-FFDC46FFB781}.Release|Any CPU.Build.0 = Release|Any CPU
	EndGlobalSection
	GlobalSection(SolutionProperties) = preSolution
		HideSolutionNode = FALSE
	EndGlobalSection
	GlobalSection(ExtensibilityGlobals) = postSolution
		SolutionGuid = {BBA09EA1-6E09-4ADA-9C1D-71A2839A73CE}
	EndGlobalSection
EndGlobal
